// !$*UTF8*$!
{
	archiveVersion = 1;
	classes = {
	};
	objectVersion = 46;
	objects = {

/* Begin PBXBuildFile section */
		CAA1155416D5E92800615973 /* myViewController.m in Sources */ = {isa = PBXBuildFile; fileRef = CAA1155216D5E92800615973 /* myViewController.m */; };
		CAA1155516D5E92800615973 /* myViewController.xib in Resources */ = {isa = PBXBuildFile; fileRef = CAA1155316D5E92800615973 /* myViewController.xib */; };
		CAA1155816D5FE1F00615973 /* sun.png in Resources */ = {isa = PBXBuildFile; fileRef = CAA1155716D5FE1F00615973 /* sun.png */; };
		CF80555B1665B00600EEF30B /* UIKit.framework in Frameworks */ = {isa = PBXBuildFile; fileRef = CF80555A1665B00600EEF30B /* UIKit.framework */; };
		CF80555D1665B00600EEF30B /* Foundation.framework in Frameworks */ = {isa = PBXBuildFile; fileRef = CF80555C1665B00600EEF30B /* Foundation.framework */; };
		CF80555F1665B00600EEF30B /* CoreGraphics.framework in Frameworks */ = {isa = PBXBuildFile; fileRef = CF80555E1665B00600EEF30B /* CoreGraphics.framework */; };
		CF8055651665B00600EEF30B /* InfoPlist.strings in Resources */ = {isa = PBXBuildFile; fileRef = CF8055631665B00600EEF30B /* InfoPlist.strings */; };
		CF8055671665B00600EEF30B /* main.m in Sources */ = {isa = PBXBuildFile; fileRef = CF8055661665B00600EEF30B /* main.m */; };
		CF80556B1665B00600EEF30B /* AppDelegate.m in Sources */ = {isa = PBXBuildFile; fileRef = CF80556A1665B00600EEF30B /* AppDelegate.m */; };
		CF80556D1665B00600EEF30B /* Default.png in Resources */ = {isa = PBXBuildFile; fileRef = CF80556C1665B00600EEF30B /* Default.png */; };
		CF80556F1665B00600EEF30B /* Default@2x.png in Resources */ = {isa = PBXBuildFile; fileRef = CF80556E1665B00600EEF30B /* Default@2x.png */; };
		CF8055711665B00600EEF30B /* Default-568h@2x.png in Resources */ = {isa = PBXBuildFile; fileRef = CF8055701665B00600EEF30B /* Default-568h@2x.png */; };
		CF8055741665B00600EEF30B /* MainStoryboard.storyboard in Resources */ = {isa = PBXBuildFile; fileRef = CF8055721665B00600EEF30B /* MainStoryboard.storyboard */; };
		CF8055771665B00600EEF30B /* ViewController.m in Sources */ = {isa = PBXBuildFile; fileRef = CF8055761665B00600EEF30B /* ViewController.m */; };
		CF8055801665B13B00EEF30B /* libsqlite3.dylib in Frameworks */ = {isa = PBXBuildFile; fileRef = CF80557F1665B13B00EEF30B /* libsqlite3.dylib */; };
		CFB7723D1665D29900965E55 /* blackArrow.png in Resources */ = {isa = PBXBuildFile; fileRef = CFB772351665D29900965E55 /* blackArrow.png */; };
		CFB7723E1665D29900965E55 /* blackArrow@2x.png in Resources */ = {isa = PBXBuildFile; fileRef = CFB772361665D29900965E55 /* blackArrow@2x.png */; };
		CFB7723F1665D29900965E55 /* blueArrow.png in Resources */ = {isa = PBXBuildFile; fileRef = CFB772371665D29900965E55 /* blueArrow.png */; };
		CFB772401665D29900965E55 /* blueArrow@2x.png in Resources */ = {isa = PBXBuildFile; fileRef = CFB772381665D29900965E55 /* blueArrow@2x.png */; };
		CFB772411665D29900965E55 /* grayArrow.png in Resources */ = {isa = PBXBuildFile; fileRef = CFB772391665D29900965E55 /* grayArrow.png */; };
		CFB772421665D29900965E55 /* grayArrow@2x.png in Resources */ = {isa = PBXBuildFile; fileRef = CFB7723A1665D29900965E55 /* grayArrow@2x.png */; };
		CFB772431665D29900965E55 /* whiteArrow.png in Resources */ = {isa = PBXBuildFile; fileRef = CFB7723B1665D29900965E55 /* whiteArrow.png */; };
		CFB772441665D29900965E55 /* whiteArrow@2x.png in Resources */ = {isa = PBXBuildFile; fileRef = CFB7723C1665D29900965E55 /* whiteArrow@2x.png */; };
		CFB772471665D2F800965E55 /* EGORefreshTableHeaderView.m in Sources */ = {isa = PBXBuildFile; fileRef = CFB772461665D2F800965E55 /* EGORefreshTableHeaderView.m */; };
		CFB772491665D31200965E55 /* QuartzCore.framework in Frameworks */ = {isa = PBXBuildFile; fileRef = CFB772481665D31200965E55 /* QuartzCore.framework */; };
/* End PBXBuildFile section */

/* Begin PBXFileReference section */
		CAA1155116D5E92800615973 /* myViewController.h */ = {isa = PBXFileReference; fileEncoding = 4; lastKnownFileType = sourcecode.c.h; path = myViewController.h; sourceTree = "<group>"; };
		CAA1155216D5E92800615973 /* myViewController.m */ = {isa = PBXFileReference; fileEncoding = 4; lastKnownFileType = sourcecode.c.objc; path = myViewController.m; sourceTree = "<group>"; };
		CAA1155316D5E92800615973 /* myViewController.xib */ = {isa = PBXFileReference; fileEncoding = 4; lastKnownFileType = file.xib; path = myViewController.xib; sourceTree = "<group>"; };
		CAA1155716D5FE1F00615973 /* sun.png */ = {isa = PBXFileReference; lastKnownFileType = image.png; path = sun.png; sourceTree = "<group>"; };
		CF8055561665B00600EEF30B /* sqlitedemo.app */ = {isa = PBXFileReference; explicitFileType = wrapper.application; includeInIndex = 0; path = sqlitedemo.app; sourceTree = BUILT_PRODUCTS_DIR; };
		CF80555A1665B00600EEF30B /* UIKit.framework */ = {isa = PBXFileReference; lastKnownFileType = wrapper.framework; name = UIKit.framework; path = System/Library/Frameworks/UIKit.framework; sourceTree = SDKROOT; };
		CF80555C1665B00600EEF30B /* Foundation.framework */ = {isa = PBXFileReference; lastKnownFileType = wrapper.framework; name = Foundation.framework; path = System/Library/Frameworks/Foundation.framework; sourceTree = SDKROOT; };
		CF80555E1665B00600EEF30B /* CoreGraphics.framework */ = {isa = PBXFileReference; lastKnownFileType = wrapper.framework; name = CoreGraphics.framework; path = System/Library/Frameworks/CoreGraphics.framework; sourceTree = SDKROOT; };
		CF8055621665B00600EEF30B /* sqlitedemo-Info.plist */ = {isa = PBXFileReference; lastKnownFileType = text.plist.xml; path = "sqlitedemo-Info.plist"; sourceTree = "<group>"; };
		CF8055641665B00600EEF30B /* en */ = {isa = PBXFileReference; lastKnownFileType = text.plist.strings; name = en; path = en.lproj/InfoPlist.strings; sourceTree = "<group>"; };
		CF8055661665B00600EEF30B /* main.m */ = {isa = PBXFileReference; lastKnownFileType = sourcecode.c.objc; path = main.m; sourceTree = "<group>"; };
		CF8055681665B00600EEF30B /* sqlitedemo-Prefix.pch */ = {isa = PBXFileReference; lastKnownFileType = sourcecode.c.h; path = "sqlitedemo-Prefix.pch"; sourceTree = "<group>"; };
		CF8055691665B00600EEF30B /* AppDelegate.h */ = {isa = PBXFileReference; lastKnownFileType = sourcecode.c.h; path = AppDelegate.h; sourceTree = "<group>"; };
		CF80556A1665B00600EEF30B /* AppDelegate.m */ = {isa = PBXFileReference; lastKnownFileType = sourcecode.c.objc; path = AppDelegate.m; sourceTree = "<group>"; };
		CF80556C1665B00600EEF30B /* Default.png */ = {isa = PBXFileReference; lastKnownFileType = image.png; path = Default.png; sourceTree = "<group>"; };
		CF80556E1665B00600EEF30B /* Default@2x.png */ = {isa = PBXFileReference; lastKnownFileType = image.png; path = "Default@2x.png"; sourceTree = "<group>"; };
		CF8055701665B00600EEF30B /* Default-568h@2x.png */ = {isa = PBXFileReference; lastKnownFileType = image.png; path = "Default-568h@2x.png"; sourceTree = "<group>"; };
		CF8055731665B00600EEF30B /* en */ = {isa = PBXFileReference; lastKnownFileType = file.storyboard; name = en; path = en.lproj/MainStoryboard.storyboard; sourceTree = "<group>"; };
		CF8055751665B00600EEF30B /* ViewController.h */ = {isa = PBXFileReference; lastKnownFileType = sourcecode.c.h; path = ViewController.h; sourceTree = "<group>"; };
		CF8055761665B00600EEF30B /* ViewController.m */ = {isa = PBXFileReference; lastKnownFileType = sourcecode.c.objc; path = ViewController.m; sourceTree = "<group>"; };
		CF80557F1665B13B00EEF30B /* libsqlite3.dylib */ = {isa = PBXFileReference; lastKnownFileType = "compiled.mach-o.dylib"; name = libsqlite3.dylib; path = usr/lib/libsqlite3.dylib; sourceTree = SDKROOT; };
		CFB772351665D29900965E55 /* blackArrow.png */ = {isa = PBXFileReference; lastKnownFileType = image.png; path = blackArrow.png; sourceTree = "<group>"; };
		CFB772361665D29900965E55 /* blackArrow@2x.png */ = {isa = PBXFileReference; lastKnownFileType = image.png; path = "blackArrow@2x.png"; sourceTree = "<group>"; };
		CFB772371665D29900965E55 /* blueArrow.png */ = {isa = PBXFileReference; lastKnownFileType = image.png; path = blueArrow.png; sourceTree = "<group>"; };
		CFB772381665D29900965E55 /* blueArrow@2x.png */ = {isa = PBXFileReference; lastKnownFileType = image.png; path = "blueArrow@2x.png"; sourceTree = "<group>"; };
		CFB772391665D29900965E55 /* grayArrow.png */ = {isa = PBXFileReference; lastKnownFileType = image.png; path = grayArrow.png; sourceTree = "<group>"; };
		CFB7723A1665D29900965E55 /* grayArrow@2x.png */ = {isa = PBXFileReference; lastKnownFileType = image.png; path = "grayArrow@2x.png"; sourceTree = "<group>"; };
		CFB7723B1665D29900965E55 /* whiteArrow.png */ = {isa = PBXFileReference; lastKnownFileType = image.png; path = whiteArrow.png; sourceTree = "<group>"; };
		CFB7723C1665D29900965E55 /* whiteArrow@2x.png */ = {isa = PBXFileReference; lastKnownFileType = image.png; path = "whiteArrow@2x.png"; sourceTree = "<group>"; };
		CFB772451665D2F800965E55 /* EGORefreshTableHeaderView.h */ = {isa = PBXFileReference; fileEncoding = 4; lastKnownFileType = sourcecode.c.h; path = EGORefreshTableHeaderView.h; sourceTree = "<group>"; };
		CFB772461665D2F800965E55 /* EGORefreshTableHeaderView.m */ = {isa = PBXFileReference; fileEncoding = 4; lastKnownFileType = sourcecode.c.objc; path = EGORefreshTableHeaderView.m; sourceTree = "<group>"; };
		CFB772481665D31200965E55 /* QuartzCore.framework */ = {isa = PBXFileReference; lastKnownFileType = wrapper.framework; name = QuartzCore.framework; path = System/Library/Frameworks/QuartzCore.framework; sourceTree = SDKROOT; };
/* End PBXFileReference section */

/* Begin PBXFrameworksBuildPhase section */
		CF8055531665B00600EEF30B /* Frameworks */ = {
			isa = PBXFrameworksBuildPhase;
			buildActionMask = 2147483647;
			files = (
				CFB772491665D31200965E55 /* QuartzCore.framework in Frameworks */,
				CF8055801665B13B00EEF30B /* libsqlite3.dylib in Frameworks */,
				CF80555B1665B00600EEF30B /* UIKit.framework in Frameworks */,
				CF80555D1665B00600EEF30B /* Foundation.framework in Frameworks */,
				CF80555F1665B00600EEF30B /* CoreGraphics.framework in Frameworks */,
			);
			runOnlyForDeploymentPostprocessing = 0;
		};
/* End PBXFrameworksBuildPhase section */

/* Begin PBXGroup section */
		CF80554B1665B00600EEF30B = {
			isa = PBXGroup;
			children = (
				CAA1155116D5E92800615973 /* myViewController.h */,
				CAA1155216D5E92800615973 /* myViewController.m */,
				CAA1155716D5FE1F00615973 /* sun.png */,
				CAA1155316D5E92800615973 /* myViewController.xib */,
				CFB772481665D31200965E55 /* QuartzCore.framework */,
				CFB772451665D2F800965E55 /* EGORefreshTableHeaderView.h */,
				CFB772461665D2F800965E55 /* EGORefreshTableHeaderView.m */,
				CFB772351665D29900965E55 /* blackArrow.png */,
				CFB772361665D29900965E55 /* blackArrow@2x.png */,
				CFB772371665D29900965E55 /* blueArrow.png */,
				CFB772381665D29900965E55 /* blueArrow@2x.png */,
				CFB772391665D29900965E55 /* grayArrow.png */,
				CFB7723A1665D29900965E55 /* grayArrow@2x.png */,
				CFB7723B1665D29900965E55 /* whiteArrow.png */,
				CFB7723C1665D29900965E55 /* whiteArrow@2x.png */,
				CF80557F1665B13B00EEF30B /* libsqlite3.dylib */,
				CF8055601665B00600EEF30B /* sqlitedemo */,
				CF8055591665B00600EEF30B /* Frameworks */,
				CF8055571665B00600EEF30B /* Products */,
			);
			sourceTree = "<group>";
		};
		CF8055571665B00600EEF30B /* Products */ = {
			isa = PBXGroup;
			children = (
				CF8055561665B00600EEF30B /* sqlitedemo.app */,
			);
			name = Products;
			sourceTree = "<group>";
		};
		CF8055591665B00600EEF30B /* Frameworks */ = {
			isa = PBXGroup;
			children = (
				CF80555A1665B00600EEF30B /* UIKit.framework */,
				CF80555C1665B00600EEF30B /* Foundation.framework */,
				CF80555E1665B00600EEF30B /* CoreGraphics.framework */,
			);
			name = Frameworks;
			sourceTree = "<group>";
		};
		CF8055601665B00600EEF30B /* sqlitedemo */ = {
			isa = PBXGroup;
			children = (
				CF8055691665B00600EEF30B /* AppDelegate.h */,
				CF80556A1665B00600EEF30B /* AppDelegate.m */,
				CF8055721665B00600EEF30B /* MainStoryboard.storyboard */,
				CF8055751665B00600EEF30B /* ViewController.h */,
				CF8055761665B00600EEF30B /* ViewController.m */,
				CF8055611665B00600EEF30B /* Supporting Files */,
			);
			path = sqlitedemo;
			sourceTree = "<group>";
		};
		CF8055611665B00600EEF30B /* Supporting Files */ = {
			isa = PBXGroup;
			children = (
				CF8055621665B00600EEF30B /* sqlitedemo-Info.plist */,
				CF8055631665B00600EEF30B /* InfoPlist.strings */,
				CF8055661665B00600EEF30B /* main.m */,
				CF8055681665B00600EEF30B /* sqlitedemo-Prefix.pch */,
				CF80556C1665B00600EEF30B /* Default.png */,
				CF80556E1665B00600EEF30B /* Default@2x.png */,
				CF8055701665B00600EEF30B /* Default-568h@2x.png */,
			);
			name = "Supporting Files";
			sourceTree = "<group>";
		};
/* End PBXGroup section */

/* Begin PBXNativeTarget section */
		CF8055551665B00600EEF30B /* sqlitedemo */ = {
			isa = PBXNativeTarget;
			buildConfigurationList = CF80557A1665B00600EEF30B /* Build configuration list for PBXNativeTarget "sqlitedemo" */;
			buildPhases = (
				CF8055521665B00600EEF30B /* Sources */,
				CF8055531665B00600EEF30B /* Frameworks */,
				CF8055541665B00600EEF30B /* Resources */,
			);
			buildRules = (
			);
			dependencies = (
			);
			name = sqlitedemo;
			productName = sqlitedemo;
			productReference = CF8055561665B00600EEF30B /* sqlitedemo.app */;
			productType = "com.apple.product-type.application";
		};
/* End PBXNativeTarget section */

/* Begin PBXProject section */
		CF80554D1665B00600EEF30B /* Project object */ = {
			isa = PBXProject;
			attributes = {
				LastUpgradeCheck = 0450;
				ORGANIZATIONNAME = oo;
			};
			buildConfigurationList = CF8055501665B00600EEF30B /* Build configuration list for PBXProject "sqlitedemo" */;
			compatibilityVersion = "Xcode 3.2";
			developmentRegion = English;
			hasScannedForEncodings = 0;
			knownRegions = (
				en,
			);
			mainGroup = CF80554B1665B00600EEF30B;
			productRefGroup = CF8055571665B00600EEF30B /* Products */;
			projectDirPath = "";
			projectRoot = "";
			targets = (
				CF8055551665B00600EEF30B /* sqlitedemo */,
			);
		};
/* End PBXProject section */

/* Begin PBXResourcesBuildPhase section */
		CF8055541665B00600EEF30B /* Resources */ = {
			isa = PBXResourcesBuildPhase;
			buildActionMask = 2147483647;
			files = (
				CF8055651665B00600EEF30B /* InfoPlist.strings in Resources */,
				CF80556D1665B00600EEF30B /* Default.png in Resources */,
				CF80556F1665B00600EEF30B /* Default@2x.png in Resources */,
				CF8055711665B00600EEF30B /* Default-568h@2x.png in Resources */,
				CF8055741665B00600EEF30B /* MainStoryboard.storyboard in Resources */,
				CFB7723D1665D29900965E55 /* blackArrow.png in Resources */,
				CFB7723E1665D29900965E55 /* blackArrow@2x.png in Resources */,
				CFB7723F1665D29900965E55 /* blueArrow.png in Resources */,
				CFB772401665D29900965E55 /* blueArrow@2x.png in Resources */,
				CFB772411665D29900965E55 /* grayArrow.png in Resources */,
				CFB772421665D29900965E55 /* grayArrow@2x.png in Resources */,
				CFB772431665D29900965E55 /* whiteArrow.png in Resources */,
				CFB772441665D29900965E55 /* whiteArrow@2x.png in Resources */,
				CAA1155516D5E92800615973 /* myViewController.xib in Resources */,
				CAA1155816D5FE1F00615973 /* sun.png in Resources */,
			);
			runOnlyForDeploymentPostprocessing = 0;
		};
/* End PBXResourcesBuildPhase section */

/* Begin PBXSourcesBuildPhase section */
		CF8055521665B00600EEF30B /* Sources */ = {
			isa = PBXSourcesBuildPhase;
			buildActionMask = 2147483647;
			files = (
				CF8055671665B00600EEF30B /* main.m in Sources */,
				CF80556B1665B00600EEF30B /* AppDelegate.m in Sources */,
				CF8055771665B00600EEF30B /* ViewController.m in Sources */,
				CFB772471665D2F800965E55 /* EGORefreshTableHeaderView.m in Sources */,
				CAA1155416D5E92800615973 /* myViewController.m in Sources */,
			);
			runOnlyForDeploymentPostprocessing = 0;
		};
/* End PBXSourcesBuildPhase section */

/* Begin PBXVariantGroup section */
		CF8055631665B00600EEF30B /* InfoPlist.strings */ = {
			isa = PBXVariantGroup;
			children = (
				CF8055641665B00600EEF30B /* en */,
			);
			name = InfoPlist.strings;
			sourceTree = "<group>";
		};
		CF8055721665B00600EEF30B /* MainStoryboard.storyboard */ = {
			isa = PBXVariantGroup;
			children = (
				CF8055731665B00600EEF30B /* en */,
			);
			name = MainStoryboard.storyboard;
			sourceTree = "<group>";
		};
/* End PBXVariantGroup section */

/* Begin XCBuildConfiguration section */
		CF8055781665B00600EEF30B /* Debug */ = {
			isa = XCBuildConfiguration;
			buildSettings = {
				ALWAYS_SEARCH_USER_PATHS = NO;
				CLANG_CXX_LANGUAGE_STANDARD = "gnu++0x";
				CLANG_CXX_LIBRARY = "libc++";
				CLANG_WARN_EMPTY_BODY = YES;
				CLANG_WARN__DUPLICATE_METHOD_MATCH = YES;
				"CODE_SIGN_IDENTITY[sdk=iphoneos*]" = "iPhone Developer";
				COPY_PHASE_STRIP = NO;
				GCC_C_LANGUAGE_STANDARD = gnu99;
				GCC_DYNAMIC_NO_PIC = NO;
				GCC_OPTIMIZATION_LEVEL = 0;
				GCC_PREPROCESSOR_DEFINITIONS = (
					"DEBUG=1",
					"$(inherited)",
				);
				GCC_SYMBOLS_PRIVATE_EXTERN = NO;
				GCC_WARN_ABOUT_RETURN_TYPE = YES;
				GCC_WARN_UNINITIALIZED_AUTOS = YES;
				GCC_WARN_UNUSED_VARIABLE = YES;
				IPHONEOS_DEPLOYMENT_TARGET = 6.0;
				ONLY_ACTIVE_ARCH = YES;
				SDKROOT = iphoneos;
			};
			name = Debug;
		};
		CF8055791665B00600EEF30B /* Release */ = {
			isa = XCBuildConfiguration;
			buildSettings = {
				ALWAYS_SEARCH_USER_PATHS = NO;
				CLANG_CXX_LANGUAGE_STANDARD = "gnu++0x";
				CLANG_CXX_LIBRARY = "libc++";
				CLANG_WARN_EMPTY_BODY = YES;
				CLANG_WARN__DUPLICATE_METHOD_MATCH = YES;
				"CODE_SIGN_IDENTITY[sdk=iphoneos*]" = "iPhone Developer";
				COPY_PHASE_STRIP = YES;
				GCC_C_LANGUAGE_STANDARD = gnu99;
				GCC_WARN_ABOUT_RETURN_TYPE = YES;
				GCC_WARN_UNINITIALIZED_AUTOS = YES;
				GCC_WARN_UNUSED_VARIABLE = YES;
				IPHONEOS_DEPLOYMENT_TARGET = 6.0;
				OTHER_CFLAGS = "-DNS_BLOCK_ASSERTIONS=1";
				SDKROOT = iphoneos;
				VALIDATE_PRODUCT = YES;
			};
			name = Release;
		};
		CF80557B1665B00600EEF30B /* Debug */ = {
			isa = XCBuildConfiguration;
			buildSettings = {
				GCC_PRECOMPILE_PREFIX_HEADER = YES;
				GCC_PREFIX_HEADER = "sqlitedemo/sqlitedemo-Prefix.pch";
				INFOPLIST_FILE = "sqlitedemo/sqlitedemo-Info.plist";
				IPHONEOS_DEPLOYMENT_TARGET = 5.0;
				PRODUCT_NAME = "$(TARGET_NAME)";
				WRAPPER_EXTENSION = app;
			};
			name = Debug;
		};
		CF80557C1665B00600EEF30B /* Release */ = {
			isa = XCBuildConfiguration;
			buildSettings = {
				GCC_PRECOMPILE_PREFIX_HEADER = YES;
				GCC_PREFIX_HEADER = "sqlitedemo/sqlitedemo-Prefix.pch";
				INFOPLIST_FILE = "sqlitedemo/sqlitedemo-Info.plist";
				IPHONEOS_DEPLOYMENT_TARGET = 5.0;
				PRODUCT_NAME = "$(TARGET_NAME)";
				WRAPPER_EXTENSION = app;
			};
			name = Release;
		};
/* End XCBuildConfiguration section */

/* Begin XCConfigurationList section */
		CF8055501665B00600EEF30B /* Build configuration list for PBXProject "sqlitedemo" */ = {
			isa = XCConfigurationList;
			buildConfigurations = (
				CF8055781665B00600EEF30B /* Debug */,
				CF8055791665B00600EEF30B /* Release */,
			);
			defaultConfigurationIsVisible = 0;
			defaultConfigurationName = Release;
		};
		CF80557A1665B00600EEF30B /* Build configuration list for PBXNativeTarget "sqlitedemo" */ = {
			isa = XCConfigurationList;
			buildConfigurations = (
				CF80557B1665B00600EEF30B /* Debug */,
				CF80557C1665B00600EEF30B /* Release */,
			);
			defaultConfigurationIsVisible = 0;
			defaultConfigurationName = Release;
		};
/* End XCConfigurationList section */
	};
	rootObject = CF80554D1665B00600EEF30B /* Project object */;
}
